
Microsoft Visual Studio Solution File, Format Version 12.00
# Visual Studio 2013
VisualStudioVersion = 12.0.31101.0
MinimumVisualStudioVersion = 10.0.40219.1
Project("{FAE04EC0-301F-11D3-BF4B-00C04F79EFBC}") = "FizzBuzzLibrary", "FizzBuzzLibrary\FizzBuzzLibrary.csproj", "{1BC7E240-91DE-41FF-9863-9E58994B9C8D}"
EndProject
Project("{FAE04EC0-301F-11D3-BF4B-00C04F79EFBC}") = "FizzBuzzLibrary.Tests", "FizzBuzzLibrary.Tests\FizzBuzzLibrary.Tests.csproj", "{55B174BB-10B1-4D09-A61B-8CD46F5B4CA1}"
EndProject
Project("{FAE04EC0-301F-11D3-BF4B-00C04F79EFBC}") = "FizzBuzz", "FizzBuzz\FizzBuzz.csproj", "{489650B7-E04D-4313-B55C-2A0AC2FAB1E8}"
EndProject
Global
	GlobalSection(SolutionConfigurationPlatforms) = preSolution
		Debug|Any CPU = Debug|Any CPU
		Release|Any CPU = Release|Any CPU
	EndGlobalSection
	GlobalSection(ProjectConfigurationPlatforms) = postSolution
		{1BC7E240-91DE-41FF-9863-9E58994B9C8D}.Debug|Any CPU.ActiveCfg = Debug|Any CPU
		{1BC7E240-91DE-41FF-9863-9E58994B9C8D}.Debug|Any CPU.Build.0 = Debug|Any CPU
		{1BC7E240-91DE-41FF-9863-9E58994B9C8D}.Release|Any CPU.ActiveCfg = Release|Any CPU
		{1BC7E240-91DE-41FF-9863-9E58994B9C8D}.Release|Any CPU.Build.0 = Release|Any CPU
		{55B174BB-10B1-4D09-A61B-8CD46F5B4CA1}.Debug|Any CPU.ActiveCfg = Debug|Any CPU
		{55B174BB-10B1-4D09-A61B-8CD46F5B4CA1}.Debug|Any CPU.Build.0 = Debug|Any CPU
		{55B174BB-10B1-4D09-A61B-8CD46F5B4CA1}.Release|Any CPU.ActiveCfg = Release|Any CPU
		{55B174BB-10B1-4D09-A61B-8CD46F5B4CA1}.Release|Any CPU.Build.0 = Release|Any CPU
		{489650B7-E04D-4313-B55C-2A0AC2FAB1E8}.Debug|Any CPU.ActiveCfg = Debug|Any CPU
		{489650B7-E04D-4313-B55C-2A0AC2FAB1E8}.Debug|Any CPU.Build.0 = Debug|Any CPU
		{489650B7-E04D-4313-B55C-2A0AC2FAB1E8}.Release|Any CPU.ActiveCfg = Release|Any CPU
		{489650B7-E04D-4313-B55C-2A0AC2FAB1E8}.Release|Any CPU.Build.0 = Release|Any CPU
	EndGlobalSection
	GlobalSection(SolutionProperties) = preSolution
		HideSolutionNode = FALSE
	EndGlobalSection
EndGlobal
